<?xml version="1.0" encoding="UTF-8" standalone="yes" ?>
<CodeBlocks_project_file>
	<FileVersion major="1" minor="6" />
	<Project>
		<Option title="UltimatePenguinRampage" />
		<Option pch_mode="2" />
		<Option compiler="gcc" />
		<Build>
			<Target title="Debug">
				<Option output="bin/Debug/Ultimate Penguin Rampage" prefix_auto="1" extension_auto="1" />
				<Option object_output="obj/Debug/" />
				<Option type="1" />
				<Option compiler="gcc" />
				<Compiler>
					<Add option="-g" />
					<Add directory="include" />
				</Compiler>
			</Target>
			<Target title="Release">
				<Option output="bin/Release/Ultimate Penguin Rampage" prefix_auto="1" extension_auto="1" />
				<Option object_output="obj/Release/" />
				<Option type="1" />
				<Option compiler="gcc" />
				<Compiler>
					<Add option="-O2" />
					<Add directory="include" />
				</Compiler>
				<Linker>
					<Add option="-s" />
				</Linker>
			</Target>
		</Build>
		<Compiler>
			<Add option="-Wall" />
			<Add directory="SDL2/include/SDL2" />
		</Compiler>
		<Linker>
			<Add option="-lmingw32 -lSDL2main -lSDL2" />
			<Add directory="SDL2/lib" />
		</Linker>
		<Unit filename="include/Arme.h" />
		<Unit filename="include/Carte.h" />
		<Unit filename="include/Ennemi.h" />
		<Unit filename="include/Enums.h" />
		<Unit filename="include/Jeu.h" />
		<Unit filename="include/Joueur.h" />
		<Unit filename="include/MenuPrincipal.h" />
		<Unit filename="include/Objet.h" />
		<Unit filename="include/Options.h" />
		<Unit filename="include/Personnage.h" />
		<Unit filename="include/Projectile.h" />
		<Unit filename="include/Texture.h" />
		<Unit filename="include/Tile.h" />
		<Unit filename="include/UPR.h" />
		<Unit filename="include/Utils.h" />
		<Unit filename="src/Arme.cpp" />
		<Unit filename="src/Carte.cpp" />
		<Unit filename="src/Ennemi.cpp" />
		<Unit filename="src/Jeu.cpp" />
		<Unit filename="src/Joueur.cpp" />
		<Unit filename="src/MenuPrincipal.cpp" />
		<Unit filename="src/Objet.cpp" />
		<Unit filename="src/Options.cpp" />
		<Unit filename="src/Personnage.cpp" />
		<Unit filename="src/Projectile.cpp" />
		<Unit filename="src/Texture.cpp" />
		<Unit filename="src/Tile.cpp" />
		<Unit filename="src/UPR.cpp" />
		<Unit filename="src/Utils.cpp" />
		<Extensions>
			<code_completion />
			<envvars />
			<debugger />
		</Extensions>
	</Project>
</CodeBlocks_project_file>
